
Microsoft Visual Studio Solution File, Format Version 12.00
# Visual Studio 15
VisualStudioVersion = 15.0.28307.168
MinimumVisualStudioVersion = 10.0.40219.1
Project("{FAE04EC0-301F-11D3-BF4B-00C04F79EFBC}") = "Mitrais_Test_Web", "Mitrais_Test_Web\Mitrais_Test_Web.csproj", "{81CE2391-CFF3-4BBE-92A3-4A6F651E9241}"
EndProject
Project("{FAE04EC0-301F-11D3-BF4B-00C04F79EFBC}") = "Mitrais_Test_Core", "Mitrais_Test_Core\Mitrais_Test_Core.csproj", "{49208A8A-498C-462A-9059-8BF12929E517}"
EndProject
Project("{FAE04EC0-301F-11D3-BF4B-00C04F79EFBC}") = "Mitrais_Test_Repo", "Mitrais_Test_Repo\Mitrais_Test_Repo.csproj", "{957B0D04-AE2C-46CB-8B20-4A79D66D5022}"
EndProject
Project("{FAE04EC0-301F-11D3-BF4B-00C04F79EFBC}") = "Mitrais_Test_Service", "Mitrais_Test_Service\Mitrais_Test_Service.csproj", "{1634C7C5-D5F8-4245-8059-C5879A9B0A20}"
EndProject
Project("{FAE04EC0-301F-11D3-BF4B-00C04F79EFBC}") = "Mitrais_Test_DTO", "Mitrais_Test_DTO\Mitrais_Test_DTO.csproj", "{A77223F0-D123-4BA4-9FBC-F24138CF3187}"
EndProject
Global
	GlobalSection(SolutionConfigurationPlatforms) = preSolution
		Debug|Any CPU = Debug|Any CPU
		Release|Any CPU = Release|Any CPU
	EndGlobalSection
	GlobalSection(ProjectConfigurationPlatforms) = postSolution
		{81CE2391-CFF3-4BBE-92A3-4A6F651E9241}.Debug|Any CPU.ActiveCfg = Debug|Any CPU
		{81CE2391-CFF3-4BBE-92A3-4A6F651E9241}.Debug|Any CPU.Build.0 = Debug|Any CPU
		{81CE2391-CFF3-4BBE-92A3-4A6F651E9241}.Release|Any CPU.ActiveCfg = Release|Any CPU
		{81CE2391-CFF3-4BBE-92A3-4A6F651E9241}.Release|Any CPU.Build.0 = Release|Any CPU
		{49208A8A-498C-462A-9059-8BF12929E517}.Debug|Any CPU.ActiveCfg = Debug|Any CPU
		{49208A8A-498C-462A-9059-8BF12929E517}.Debug|Any CPU.Build.0 = Debug|Any CPU
		{49208A8A-498C-462A-9059-8BF12929E517}.Release|Any CPU.ActiveCfg = Release|Any CPU
		{49208A8A-498C-462A-9059-8BF12929E517}.Release|Any CPU.Build.0 = Release|Any CPU
		{957B0D04-AE2C-46CB-8B20-4A79D66D5022}.Debug|Any CPU.ActiveCfg = Debug|Any CPU
		{957B0D04-AE2C-46CB-8B20-4A79D66D5022}.Debug|Any CPU.Build.0 = Debug|Any CPU
		{957B0D04-AE2C-46CB-8B20-4A79D66D5022}.Release|Any CPU.ActiveCfg = Release|Any CPU
		{957B0D04-AE2C-46CB-8B20-4A79D66D5022}.Release|Any CPU.Build.0 = Release|Any CPU
		{1634C7C5-D5F8-4245-8059-C5879A9B0A20}.Debug|Any CPU.ActiveCfg = Debug|Any CPU
		{1634C7C5-D5F8-4245-8059-C5879A9B0A20}.Debug|Any CPU.Build.0 = Debug|Any CPU
		{1634C7C5-D5F8-4245-8059-C5879A9B0A20}.Release|Any CPU.ActiveCfg = Release|Any CPU
		{1634C7C5-D5F8-4245-8059-C5879A9B0A20}.Release|Any CPU.Build.0 = Release|Any CPU
		{A77223F0-D123-4BA4-9FBC-F24138CF3187}.Debug|Any CPU.ActiveCfg = Debug|Any CPU
		{A77223F0-D123-4BA4-9FBC-F24138CF3187}.Debug|Any CPU.Build.0 = Debug|Any CPU
		{A77223F0-D123-4BA4-9FBC-F24138CF3187}.Release|Any CPU.ActiveCfg = Release|Any CPU
		{A77223F0-D123-4BA4-9FBC-F24138CF3187}.Release|Any CPU.Build.0 = Release|Any CPU
	EndGlobalSection
	GlobalSection(SolutionProperties) = preSolution
		HideSolutionNode = FALSE
	EndGlobalSection
	GlobalSection(ExtensibilityGlobals) = postSolution
		SolutionGuid = {C21739D4-7BA2-460E-B2B3-124D5E13DC8A}
	EndGlobalSection
EndGlobal
